
Microsoft Visual Studio Solution File, Format Version 12.00
# Visual Studio Version 17
VisualStudioVersion = 17.2.32616.157
MinimumVisualStudioVersion = 10.0.40219.1
Project("{2150E333-8FDC-42A3-9474-1A3956D46DE8}") = "src", "src", "{0C9D3557-3154-442B-81F6-5E9097795533}"
EndProject
Project("{2150E333-8FDC-42A3-9474-1A3956D46DE8}") = "Core", "Core", "{48251E56-F49F-450E-AF77-93EE205F0943}"
EndProject
Project("{9A19103F-16F7-4668-BE54-9A1E7A4F7556}") = "CsApp.Domain", "src\Core\CsApp.Domain\CsApp.Domain.csproj", "{B6F46434-7D7B-4F47-BEBD-BCB86AAE409F}"
EndProject
Project("{9A19103F-16F7-4668-BE54-9A1E7A4F7556}") = "CsApp.Application", "src\Core\CsApp.Application\CsApp.Application.csproj", "{FBA01DE9-0F4A-4611-9C96-18B71C650010}"
EndProject
Project("{2150E333-8FDC-42A3-9474-1A3956D46DE8}") = "Insfrastructure", "Insfrastructure", "{08362051-21B0-4E50-AD3A-116550EFB189}"
EndProject
Project("{9A19103F-16F7-4668-BE54-9A1E7A4F7556}") = "CsApp.Persistence", "src\Insfractructure\CsApp.Persistence\CsApp.Persistence.csproj", "{2FCADD25-F3D7-4A5A-BA35-E676FE3F21A3}"
EndProject
Project("{2150E333-8FDC-42A3-9474-1A3956D46DE8}") = "WebMvcApp", "WebMvcApp", "{05F6D9A4-3777-4295-85BB-78F59F2B1694}"
EndProject
Project("{9A19103F-16F7-4668-BE54-9A1E7A4F7556}") = "CsMvcApp", "CsMvcApp\CsMvcApp.csproj", "{5DDF57C6-CD56-48C2-8D50-A0E7684EBF20}"
EndProject
Global
	GlobalSection(SolutionConfigurationPlatforms) = preSolution
		Debug|Any CPU = Debug|Any CPU
		Release|Any CPU = Release|Any CPU
	EndGlobalSection
	GlobalSection(ProjectConfigurationPlatforms) = postSolution
		{B6F46434-7D7B-4F47-BEBD-BCB86AAE409F}.Debug|Any CPU.ActiveCfg = Debug|Any CPU
		{B6F46434-7D7B-4F47-BEBD-BCB86AAE409F}.Debug|Any CPU.Build.0 = Debug|Any CPU
		{B6F46434-7D7B-4F47-BEBD-BCB86AAE409F}.Release|Any CPU.ActiveCfg = Release|Any CPU
		{B6F46434-7D7B-4F47-BEBD-BCB86AAE409F}.Release|Any CPU.Build.0 = Release|Any CPU
		{FBA01DE9-0F4A-4611-9C96-18B71C650010}.Debug|Any CPU.ActiveCfg = Debug|Any CPU
		{FBA01DE9-0F4A-4611-9C96-18B71C650010}.Debug|Any CPU.Build.0 = Debug|Any CPU
		{FBA01DE9-0F4A-4611-9C96-18B71C650010}.Release|Any CPU.ActiveCfg = Release|Any CPU
		{FBA01DE9-0F4A-4611-9C96-18B71C650010}.Release|Any CPU.Build.0 = Release|Any CPU
		{2FCADD25-F3D7-4A5A-BA35-E676FE3F21A3}.Debug|Any CPU.ActiveCfg = Debug|Any CPU
		{2FCADD25-F3D7-4A5A-BA35-E676FE3F21A3}.Debug|Any CPU.Build.0 = Debug|Any CPU
		{2FCADD25-F3D7-4A5A-BA35-E676FE3F21A3}.Release|Any CPU.ActiveCfg = Release|Any CPU
		{2FCADD25-F3D7-4A5A-BA35-E676FE3F21A3}.Release|Any CPU.Build.0 = Release|Any CPU
		{5DDF57C6-CD56-48C2-8D50-A0E7684EBF20}.Debug|Any CPU.ActiveCfg = Debug|Any CPU
		{5DDF57C6-CD56-48C2-8D50-A0E7684EBF20}.Debug|Any CPU.Build.0 = Debug|Any CPU
		{5DDF57C6-CD56-48C2-8D50-A0E7684EBF20}.Release|Any CPU.ActiveCfg = Release|Any CPU
		{5DDF57C6-CD56-48C2-8D50-A0E7684EBF20}.Release|Any CPU.Build.0 = Release|Any CPU
	EndGlobalSection
	GlobalSection(SolutionProperties) = preSolution
		HideSolutionNode = FALSE
	EndGlobalSection
	GlobalSection(NestedProjects) = preSolution
		{48251E56-F49F-450E-AF77-93EE205F0943} = {0C9D3557-3154-442B-81F6-5E9097795533}
		{B6F46434-7D7B-4F47-BEBD-BCB86AAE409F} = {48251E56-F49F-450E-AF77-93EE205F0943}
		{FBA01DE9-0F4A-4611-9C96-18B71C650010} = {48251E56-F49F-450E-AF77-93EE205F0943}
		{08362051-21B0-4E50-AD3A-116550EFB189} = {0C9D3557-3154-442B-81F6-5E9097795533}
		{2FCADD25-F3D7-4A5A-BA35-E676FE3F21A3} = {08362051-21B0-4E50-AD3A-116550EFB189}
		{05F6D9A4-3777-4295-85BB-78F59F2B1694} = {0C9D3557-3154-442B-81F6-5E9097795533}
		{5DDF57C6-CD56-48C2-8D50-A0E7684EBF20} = {05F6D9A4-3777-4295-85BB-78F59F2B1694}
	EndGlobalSection
	GlobalSection(ExtensibilityGlobals) = postSolution
		SolutionGuid = {CA2BC550-B17E-40D5-8B07-09FA3A94F42E}
	EndGlobalSection
EndGlobal
